github.com/dnb-org/dnb-hugo-debug v1.4.3 h1:LbSxXq624VWkFEtoMJBaLuH7cXvZIXRYzzP6xiS4o2o=
github.com/dnb-org/dnb-hugo-debug v1.4.3/go.mod h1:NWi/VpUDXC2GU5TLM7UEjL7HPT2WmgHgoURHTCVzTho=
github.com/dnb-org/dnb-hugo-functions v1.0.2 h1:1yyVw2IgyaWu3iQitBH7Fe6mUv59uIPs5EctW+MVhVY=
github.com/dnb-org/dnb-hugo-functions v1.0.2/go.mod h1:bTX/w1EzpOQYB+XOcInG/k/zPK8/pj7P2OuQNTXnp5g=
