github.com/davidsneighbour/hugo-debug v1.5.3 h1:A8eEHWR2UfBErKnKEHiq+G6mvzHI8uUIea1OJUJBYz0=
github.com/davidsneighbour/hugo-debug v1.5.3/go.mod h1:ka0eftoPGqF1B0TUvAIvWOau96Y5XQKKGZ9DCb5NBz4=
github.com/davidsneighbour/hugo-functions v1.0.8 h1:I9g9OPZuOe0iWIeZ+BRm9NvzkpyJ2aw0EHPKTIjAxUo=
github.com/davidsneighbour/hugo-functions v1.0.8/go.mod h1:vcxVzEHYhArEYMR0w+r6h6xwoV6Tkovl/d9fK2n3dQE=
